<?xml version="1.0" encoding="utf-8"?>
<Project ToolsVersion="4.0" xmlns="http://schemas.microsoft.com/developer/msbuild/2003">
  <ItemGroup>
    <Filter Include="Archivos de origen">
      <UniqueIdentifier>{4FC737F1-C7A5-4376-A066-2A32D752A2FF}</UniqueIdentifier>
      <Extensions>cpp;c;cc;cxx;c++;cppm;ixx;def;odl;idl;hpj;bat;asm;asmx</Extensions>
    </Filter>
    <Filter Include="Archivos de encabezado">
      <UniqueIdentifier>{93995380-89BD-4b04-88EB-625FBE52EBFB}</UniqueIdentifier>
      <Extensions>h;hh;hpp;hxx;h++;hm;inl;inc;ipp;xsd</Extensions>
    </Filter>
    <Filter Include="Archivos de recursos">
      <UniqueIdentifier>{67DA6AB6-F800-4c08-8B7A-83BB121AAD01}</UniqueIdentifier>
      <Extensions>rc;ico;cur;bmp;dlg;rc2;rct;bin;rgs;gif;jpg;jpeg;jpe;resx;tiff;tif;png;wav;mfcribbon-ms</Extensions>
    </Filter>
  </ItemGroup>
  <ItemGroup>
    <ClInclude Include="FreeRTOS_Source\include\croutine.h">
      <Filter>Archivos de encabezado</Filter>
    </ClInclude>
    <ClInclude Include="FreeRTOS_Source\include\deprecated_definitions.h">
      <Filter>Archivos de encabezado</Filter>
    </ClInclude>
    <ClInclude Include="FreeRTOS_Source\include\event_groups.h">
      <Filter>Archivos de encabezado</Filter>
    </ClInclude>
    <ClInclude Include="FreeRTOS_Source\include\FreeRTOS.h">
      <Filter>Archivos de encabezado</Filter>
    </ClInclude>
    <ClInclude Include="FreeRTOS_Source\include\list.h">
      <Filter>Archivos de encabezado</Filter>
    </ClInclude>
    <ClInclude Include="FreeRTOS_Source\include\mpu_wrappers.h">
      <Filter>Archivos de encabezado</Filter>
    </ClInclude>
    <ClInclude Include="FreeRTOS_Source\include\portable.h">
      <Filter>Archivos de encabezado</Filter>
    </ClInclude>
    <ClInclude Include="FreeRTOS_Source\include\projdefs.h">
      <Filter>Archivos de encabezado</Filter>
    </ClInclude>
    <ClInclude Include="FreeRTOS_Source\include\queue.h">
      <Filter>Archivos de encabezado</Filter>
    </ClInclude>
    <ClInclude Include="FreeRTOS_Source\include\semphr.h">
      <Filter>Archivos de encabezado</Filter>
    </ClInclude>
    <ClInclude Include="FreeRTOS_Source\include\StackMacros.h">
      <Filter>Archivos de encabezado</Filter>
    </ClInclude>
    <ClInclude Include="FreeRTOS_Source\include\task.h">
      <Filter>Archivos de encabezado</Filter>
    </ClInclude>
    <ClInclude Include="FreeRTOS_Source\include\timers.h">
      <Filter>Archivos de encabezado</Filter>
    </ClInclude>
    <ClInclude Include="FreeRTOS_Source\portable\MSVC-MingW\portmacro.h">
      <Filter>Archivos de encabezado</Filter>
    </ClInclude>
    <ClInclude Include="Supporting_Functions\supporting_functions.h">
      <Filter>Archivos de encabezado</Filter>
    </ClInclude>
    <ClInclude Include="FreeRTOSConfig.h">
      <Filter>Archivos de encabezado</Filter>
    </ClInclude>
    <ClInclude Include="FreeMAES_Source\maes-rtos.h">
      <Filter>Archivos de encabezado</Filter>
    </ClInclude>
  </ItemGroup>
  <ItemGroup>
    <ClCompile Include="FreeRTOS_Source\portable\MemMang\heap_4.c">
      <Filter>Archivos de origen</Filter>
    </ClCompile>
    <ClCompile Include="FreeRTOS_Source\portable\MSVC-MingW\port.c">
      <Filter>Archivos de origen</Filter>
    </ClCompile>
    <ClCompile Include="FreeRTOS_Source\event_groups.c">
      <Filter>Archivos de origen</Filter>
    </ClCompile>
    <ClCompile Include="FreeRTOS_Source\list.c">
      <Filter>Archivos de origen</Filter>
    </ClCompile>
    <ClCompile Include="FreeRTOS_Source\queue.c">
      <Filter>Archivos de origen</Filter>
    </ClCompile>
    <ClCompile Include="FreeRTOS_Source\tasks.c">
      <Filter>Archivos de origen</Filter>
    </ClCompile>
    <ClCompile Include="FreeRTOS_Source\timers.c">
      <Filter>Archivos de origen</Filter>
    </ClCompile>
    <ClCompile Include="Supporting_Functions\supporting_functions.c">
      <Filter>Archivos de origen</Filter>
    </ClCompile>
    <ClCompile Include="FreeMAES_Source\Agent.cpp">
      <Filter>Archivos de origen</Filter>
    </ClCompile>
    <ClCompile Include="FreeMAES_Source\Agent_Msg.cpp">
      <Filter>Archivos de origen</Filter>
    </ClCompile>
    <ClCompile Include="FreeMAES_Source\Agent_Organization.cpp">
      <Filter>Archivos de origen</Filter>
    </ClCompile>
    <ClCompile Include="FreeMAES_Source\Agent_Platform.cpp">
      <Filter>Archivos de origen</Filter>
    </ClCompile>
    <ClCompile Include="FreeMAES_Source\Behaviour.cpp">
      <Filter>Archivos de origen</Filter>
    </ClCompile>
    <ClCompile Include="FreeMAES_Source\sysVars.cpp">
      <Filter>Archivos de origen</Filter>
    </ClCompile>
    <ClCompile Include="FreeMAES_Source\User_Cond.cpp">
      <Filter>Archivos de origen</Filter>
    </ClCompile>
    <ClCompile Include="FreeMAES_Examples\main.cpp">
      <Filter>Archivos de origen</Filter>
    </ClCompile>
    <ClCompile Include="FreeMAES_Examples\Apps\rock_paper_scissors.cpp">
      <Filter>Archivos de origen</Filter>
    </ClCompile>
    <ClCompile Include="FreeMAES_Examples\Apps\sender_receiver.cpp">
      <Filter>Archivos de origen</Filter>
    </ClCompile>
    <ClCompile Include="FreeMAES_Examples\Apps\telemetry.cpp">
      <Filter>Archivos de origen</Filter>
    </ClCompile>
    <ClCompile Include="GalaxyRVR_Agents\main_rvr.cpp">
      <Filter>Archivos de origen</Filter>
    </ClCompile>
    <ClCompile Include="GalaxyRVR_Agents\car_control_agent.cpp">
      <Filter>Archivos de origen</Filter>
    </ClCompile>
  </ItemGroup>
</Project>